
Microsoft Visual Studio Solution File, Format Version 12.00
# Visual Studio 15
VisualStudioVersion = 15.0.28307.1022
MinimumVisualStudioVersion = 10.0.40219.1
Project("{FAE04EC0-301F-11D3-BF4B-00C04F79EFBC}") = "ProKabbadiBusinessLayer", "ProKabbadiBusinessLayer\ProKabbadiBusinessLayer.csproj", "{CC850D5B-729E-4DBD-9D84-E40CE66C69CD}"
EndProject
Project("{FAE04EC0-301F-11D3-BF4B-00C04F79EFBC}") = "ProKabbadiClientLayer", "ProKabbadiClientLayer\ProKabbadiClientLayer.csproj", "{B49C6613-762A-487E-964A-C28FBAD8C356}"
EndProject
Project("{FAE04EC0-301F-11D3-BF4B-00C04F79EFBC}") = "ProKabbadiDataAccessLayer", "ProKabbadiDataAccessLayer\ProKabbadiDataAccessLayer.csproj", "{C5DAC982-8EFE-4841-9F33-7B2FDC9A3546}"
EndProject
Project("{FAE04EC0-301F-11D3-BF4B-00C04F79EFBC}") = "ProKabbadiEntityLayer", "ProKabbadiEntityLayer\ProKabbadiEntityLayer.csproj", "{FDAD5456-C2C2-44C6-9830-45E2D8F15B40}"
EndProject
Project("{FAE04EC0-301F-11D3-BF4B-00C04F79EFBC}") = "ProKabbadiExceptionLayer", "ProKabbadiExceptionLayer\ProKabbadiExceptionLayer.csproj", "{4B73846D-1F44-4298-87B0-416261BBBA68}"
EndProject
Global
	GlobalSection(SolutionConfigurationPlatforms) = preSolution
		Debug|Any CPU = Debug|Any CPU
		Release|Any CPU = Release|Any CPU
	EndGlobalSection
	GlobalSection(ProjectConfigurationPlatforms) = postSolution
		{CC850D5B-729E-4DBD-9D84-E40CE66C69CD}.Debug|Any CPU.ActiveCfg = Debug|Any CPU
		{CC850D5B-729E-4DBD-9D84-E40CE66C69CD}.Debug|Any CPU.Build.0 = Debug|Any CPU
		{CC850D5B-729E-4DBD-9D84-E40CE66C69CD}.Release|Any CPU.ActiveCfg = Release|Any CPU
		{CC850D5B-729E-4DBD-9D84-E40CE66C69CD}.Release|Any CPU.Build.0 = Release|Any CPU
		{B49C6613-762A-487E-964A-C28FBAD8C356}.Debug|Any CPU.ActiveCfg = Debug|Any CPU
		{B49C6613-762A-487E-964A-C28FBAD8C356}.Debug|Any CPU.Build.0 = Debug|Any CPU
		{B49C6613-762A-487E-964A-C28FBAD8C356}.Release|Any CPU.ActiveCfg = Release|Any CPU
		{B49C6613-762A-487E-964A-C28FBAD8C356}.Release|Any CPU.Build.0 = Release|Any CPU
		{C5DAC982-8EFE-4841-9F33-7B2FDC9A3546}.Debug|Any CPU.ActiveCfg = Debug|Any CPU
		{C5DAC982-8EFE-4841-9F33-7B2FDC9A3546}.Debug|Any CPU.Build.0 = Debug|Any CPU
		{C5DAC982-8EFE-4841-9F33-7B2FDC9A3546}.Release|Any CPU.ActiveCfg = Release|Any CPU
		{C5DAC982-8EFE-4841-9F33-7B2FDC9A3546}.Release|Any CPU.Build.0 = Release|Any CPU
		{FDAD5456-C2C2-44C6-9830-45E2D8F15B40}.Debug|Any CPU.ActiveCfg = Debug|Any CPU
		{FDAD5456-C2C2-44C6-9830-45E2D8F15B40}.Debug|Any CPU.Build.0 = Debug|Any CPU
		{FDAD5456-C2C2-44C6-9830-45E2D8F15B40}.Release|Any CPU.ActiveCfg = Release|Any CPU
		{FDAD5456-C2C2-44C6-9830-45E2D8F15B40}.Release|Any CPU.Build.0 = Release|Any CPU
		{4B73846D-1F44-4298-87B0-416261BBBA68}.Debug|Any CPU.ActiveCfg = Debug|Any CPU
		{4B73846D-1F44-4298-87B0-416261BBBA68}.Debug|Any CPU.Build.0 = Debug|Any CPU
		{4B73846D-1F44-4298-87B0-416261BBBA68}.Release|Any CPU.ActiveCfg = Release|Any CPU
		{4B73846D-1F44-4298-87B0-416261BBBA68}.Release|Any CPU.Build.0 = Release|Any CPU
	EndGlobalSection
	GlobalSection(SolutionProperties) = preSolution
		HideSolutionNode = FALSE
	EndGlobalSection
	GlobalSection(ExtensibilityGlobals) = postSolution
		SolutionGuid = {2B2EE1C6-2F7E-4E4E-9E11-3E65F1C0F517}
	EndGlobalSection
EndGlobal
